// !$*UTF8*$!
{
	archiveVersion = 1;
	classes = {
	};
	objectVersion = 60;
	objects = {

/* Begin PBXBuildFile section */
		E54400F12084E055008B90F2 /* AppDelegate.swift in Sources */ = {isa = PBXBuildFile; fileRef = E54400F02084E055008B90F2 /* AppDelegate.swift */; };
		E54400F32084E055008B90F2 /* LoginViewController.swift in Sources */ = {isa = PBXBuildFile; fileRef = E54400F22084E055008B90F2 /* LoginViewController.swift */; };
		E54400F62084E055008B90F2 /* Main.storyboard in Resources */ = {isa = PBXBuildFile; fileRef = E54400F42084E055008B90F2 /* Main.storyboard */; };
		E54400F82084E05A008B90F2 /* Assets.xcassets in Resources */ = {isa = PBXBuildFile; fileRef = E54400F72084E05A008B90F2 /* Assets.xcassets */; };
		E54400FB2084E05A008B90F2 /* LaunchScreen.storyboard in Resources */ = {isa = PBXBuildFile; fileRef = E54400F92084E05A008B90F2 /* LaunchScreen.storyboard */; };
		E544010A2084F014008B90F2 /* MainViewController.swift in Sources */ = {isa = PBXBuildFile; fileRef = E54401092084F014008B90F2 /* MainViewController.swift */; };
		E550289B248A8C0700A6B603 /* RoomsTableViewController.swift in Sources */ = {isa = PBXBuildFile; fileRef = E550289A248A8C0700A6B603 /* RoomsTableViewController.swift */; };
		E550289D248A8D4600A6B603 /* RoomsTableViewCell.swift in Sources */ = {isa = PBXBuildFile; fileRef = E550289C248A8D4600A6B603 /* RoomsTableViewCell.swift */; };
		E550289F248AA53F00A6B603 /* EditRoomViewController.swift in Sources */ = {isa = PBXBuildFile; fileRef = E550289E248AA53E00A6B603 /* EditRoomViewController.swift */; };
		E5586E172BF4C78C00F60EE8 /* Rainbow.xcframework in Frameworks */ = {isa = PBXBuildFile; fileRef = E5586E162BF4C78C00F60EE8 /* Rainbow.xcframework */; };
		E565D9DC20AAD9640074597C /* ConversationsTableViewController.swift in Sources */ = {isa = PBXBuildFile; fileRef = E565D9DB20AAD9640074597C /* ConversationsTableViewController.swift */; };
		E565D9DE20AADAB00074597C /* ConversationsTableViewCell.swift in Sources */ = {isa = PBXBuildFile; fileRef = E565D9DD20AADAB00074597C /* ConversationsTableViewCell.swift */; };
		E565D9E220AB3B670074597C /* ChatViewController.swift in Sources */ = {isa = PBXBuildFile; fileRef = E565D9E120AB3B670074597C /* ChatViewController.swift */; };
		E565D9E420AB3BB10074597C /* PeerTableViewCell.swift in Sources */ = {isa = PBXBuildFile; fileRef = E565D9E320AB3BB10074597C /* PeerTableViewCell.swift */; };
		E565D9E620AB3BDE0074597C /* MyUserTableViewCell.swift in Sources */ = {isa = PBXBuildFile; fileRef = E565D9E520AB3BDE0074597C /* MyUserTableViewCell.swift */; };
		E5773BEC2099C4EF000BC714 /* ContactsTableViewController.swift in Sources */ = {isa = PBXBuildFile; fileRef = E5773BEB2099C4EF000BC714 /* ContactsTableViewController.swift */; };
		E5773BEE2099C5CC000BC714 /* ContactTableViewCell.swift in Sources */ = {isa = PBXBuildFile; fileRef = E5773BED2099C5CC000BC714 /* ContactTableViewCell.swift */; };
		E5773BF02099F3D9000BC714 /* DetailViewController.swift in Sources */ = {isa = PBXBuildFile; fileRef = E5773BEF2099F3D9000BC714 /* DetailViewController.swift */; };
		E595F3E42A126CFC004C5C2D /* Alamofire in Frameworks */ = {isa = PBXBuildFile; productRef = E595F3E32A126CFC004C5C2D /* Alamofire */; };
		E595F3E72A12853C004C5C2D /* CryptoSwift in Frameworks */ = {isa = PBXBuildFile; productRef = E595F3E62A12853C004C5C2D /* CryptoSwift */; };
		E5CCFE372BF637E800972C62 /* Rainbow.xcframework in Embed Frameworks */ = {isa = PBXBuildFile; fileRef = E5586E162BF4C78C00F60EE8 /* Rainbow.xcframework */; settings = {ATTRIBUTES = (CodeSignOnCopy, RemoveHeadersOnCopy, ); }; };
		E5CCFE392BF668F900972C62 /* ConferenceViewController.swift in Sources */ = {isa = PBXBuildFile; fileRef = E5CCFE382BF668F900972C62 /* ConferenceViewController.swift */; };
		E5DCEB6727AA90390052CFF4 /* WebRTC.xcframework in Frameworks */ = {isa = PBXBuildFile; fileRef = E5DCEB6527AA90390052CFF4 /* WebRTC.xcframework */; };
		E5DCEB6A27AA904A0052CFF4 /* WebRTC.xcframework in Embed Frameworks */ = {isa = PBXBuildFile; fileRef = E5DCEB6527AA90390052CFF4 /* WebRTC.xcframework */; settings = {ATTRIBUTES = (CodeSignOnCopy, RemoveHeadersOnCopy, ); }; };
/* End PBXBuildFile section */

/* Begin PBXCopyFilesBuildPhase section */
		E54401082084E15F008B90F2 /* Embed Frameworks */ = {
			isa = PBXCopyFilesBuildPhase;
			buildActionMask = 2147483647;
			dstPath = "";
			dstSubfolderSpec = 10;
			files = (
				E5CCFE372BF637E800972C62 /* Rainbow.xcframework in Embed Frameworks */,
				E5DCEB6A27AA904A0052CFF4 /* WebRTC.xcframework in Embed Frameworks */,
			);
			name = "Embed Frameworks";
			runOnlyForDeploymentPostprocessing = 0;
		};
/* End PBXCopyFilesBuildPhase section */

/* Begin PBXFileReference section */
		E54400ED2084E055008B90F2 /* RainbowiOSSDKSwift.app */ = {isa = PBXFileReference; explicitFileType = wrapper.application; includeInIndex = 0; path = RainbowiOSSDKSwift.app; sourceTree = BUILT_PRODUCTS_DIR; };
		E54400F02084E055008B90F2 /* AppDelegate.swift */ = {isa = PBXFileReference; lastKnownFileType = sourcecode.swift; path = AppDelegate.swift; sourceTree = "<group>"; };
		E54400F22084E055008B90F2 /* LoginViewController.swift */ = {isa = PBXFileReference; lastKnownFileType = sourcecode.swift; path = LoginViewController.swift; sourceTree = "<group>"; };
		E54400F52084E055008B90F2 /* Base */ = {isa = PBXFileReference; lastKnownFileType = file.storyboard; name = Base; path = Base.lproj/Main.storyboard; sourceTree = "<group>"; };
		E54400F72084E05A008B90F2 /* Assets.xcassets */ = {isa = PBXFileReference; lastKnownFileType = folder.assetcatalog; path = Assets.xcassets; sourceTree = "<group>"; };
		E54400FA2084E05A008B90F2 /* Base */ = {isa = PBXFileReference; lastKnownFileType = file.storyboard; name = Base; path = Base.lproj/LaunchScreen.storyboard; sourceTree = "<group>"; };
		E54400FC2084E05A008B90F2 /* Info.plist */ = {isa = PBXFileReference; lastKnownFileType = text.plist.xml; path = Info.plist; sourceTree = "<group>"; };
		E54401092084F014008B90F2 /* MainViewController.swift */ = {isa = PBXFileReference; lastKnownFileType = sourcecode.swift; path = MainViewController.swift; sourceTree = "<group>"; };
		E550289A248A8C0700A6B603 /* RoomsTableViewController.swift */ = {isa = PBXFileReference; lastKnownFileType = sourcecode.swift; path = RoomsTableViewController.swift; sourceTree = "<group>"; };
		E550289C248A8D4600A6B603 /* RoomsTableViewCell.swift */ = {isa = PBXFileReference; lastKnownFileType = sourcecode.swift; path = RoomsTableViewCell.swift; sourceTree = "<group>"; };
		E550289E248AA53E00A6B603 /* EditRoomViewController.swift */ = {isa = PBXFileReference; lastKnownFileType = sourcecode.swift; path = EditRoomViewController.swift; sourceTree = "<group>"; };
		E5586E162BF4C78C00F60EE8 /* Rainbow.xcframework */ = {isa = PBXFileReference; expectedSignature = "AppleDeveloperProgram:BT9E66P673:ALE International"; lastKnownFileType = wrapper.xcframework; name = Rainbow.xcframework; path = RainbowiOSSDKSwift/Carthage/Build/iOS/Rainbow.xcframework; sourceTree = "<group>"; };
		E565D9DB20AAD9640074597C /* ConversationsTableViewController.swift */ = {isa = PBXFileReference; lastKnownFileType = sourcecode.swift; path = ConversationsTableViewController.swift; sourceTree = "<group>"; };
		E565D9DD20AADAB00074597C /* ConversationsTableViewCell.swift */ = {isa = PBXFileReference; lastKnownFileType = sourcecode.swift; path = ConversationsTableViewCell.swift; sourceTree = "<group>"; };
		E565D9E120AB3B670074597C /* ChatViewController.swift */ = {isa = PBXFileReference; lastKnownFileType = sourcecode.swift; path = ChatViewController.swift; sourceTree = "<group>"; };
		E565D9E320AB3BB10074597C /* PeerTableViewCell.swift */ = {isa = PBXFileReference; lastKnownFileType = sourcecode.swift; path = PeerTableViewCell.swift; sourceTree = "<group>"; };
		E565D9E520AB3BDE0074597C /* MyUserTableViewCell.swift */ = {isa = PBXFileReference; lastKnownFileType = sourcecode.swift; path = MyUserTableViewCell.swift; sourceTree = "<group>"; };
		E5773BEB2099C4EF000BC714 /* ContactsTableViewController.swift */ = {isa = PBXFileReference; lastKnownFileType = sourcecode.swift; path = ContactsTableViewController.swift; sourceTree = "<group>"; };
		E5773BED2099C5CC000BC714 /* ContactTableViewCell.swift */ = {isa = PBXFileReference; lastKnownFileType = sourcecode.swift; path = ContactTableViewCell.swift; sourceTree = "<group>"; };
		E5773BEF2099F3D9000BC714 /* DetailViewController.swift */ = {isa = PBXFileReference; lastKnownFileType = sourcecode.swift; path = DetailViewController.swift; sourceTree = "<group>"; };
		E5CCFE382BF668F900972C62 /* ConferenceViewController.swift */ = {isa = PBXFileReference; lastKnownFileType = sourcecode.swift; path = ConferenceViewController.swift; sourceTree = "<group>"; };
		E5DCEB6527AA90390052CFF4 /* WebRTC.xcframework */ = {isa = PBXFileReference; lastKnownFileType = wrapper.xcframework; name = WebRTC.xcframework; path = RainbowiOSSDKSwift/Carthage/Build/iOS/WebRTC.xcframework; sourceTree = "<group>"; };
/* End PBXFileReference section */

/* Begin PBXFrameworksBuildPhase section */
		E54400EA2084E055008B90F2 /* Frameworks */ = {
			isa = PBXFrameworksBuildPhase;
			buildActionMask = 2147483647;
			files = (
				E5586E172BF4C78C00F60EE8 /* Rainbow.xcframework in Frameworks */,
				E595F3E42A126CFC004C5C2D /* Alamofire in Frameworks */,
				E595F3E72A12853C004C5C2D /* CryptoSwift in Frameworks */,
				E5DCEB6727AA90390052CFF4 /* WebRTC.xcframework in Frameworks */,
			);
			runOnlyForDeploymentPostprocessing = 0;
		};
/* End PBXFrameworksBuildPhase section */

/* Begin PBXGroup section */
		E54400E42084E055008B90F2 = {
			isa = PBXGroup;
			children = (
				E54400EF2084E055008B90F2 /* RainbowiOSSDKSwift */,
				E54400EE2084E055008B90F2 /* Products */,
				E5D6117C25F77C9A0088E52B /* Frameworks */,
			);
			sourceTree = "<group>";
		};
		E54400EE2084E055008B90F2 /* Products */ = {
			isa = PBXGroup;
			children = (
				E54400ED2084E055008B90F2 /* RainbowiOSSDKSwift.app */,
			);
			name = Products;
			sourceTree = "<group>";
		};
		E54400EF2084E055008B90F2 /* RainbowiOSSDKSwift */ = {
			isa = PBXGroup;
			children = (
				E54400F02084E055008B90F2 /* AppDelegate.swift */,
				E54400F22084E055008B90F2 /* LoginViewController.swift */,
				E54401092084F014008B90F2 /* MainViewController.swift */,
				E56AC8072A696C7A0081D533 /* Conversations tab */,
				E56AC8062A696C5A0081D533 /* Contacts tab */,
				E56AC8082A696C910081D533 /* Rooms tab */,
				E56AC8092A696CD70081D533 /* Chat */,
				E54400F42084E055008B90F2 /* Main.storyboard */,
				E54400F92084E05A008B90F2 /* LaunchScreen.storyboard */,
				E54400F72084E05A008B90F2 /* Assets.xcassets */,
				E54400FC2084E05A008B90F2 /* Info.plist */,
			);
			path = RainbowiOSSDKSwift;
			sourceTree = "<group>";
		};
		E56AC8062A696C5A0081D533 /* Contacts tab */ = {
			isa = PBXGroup;
			children = (
				E5773BEB2099C4EF000BC714 /* ContactsTableViewController.swift */,
				E5773BEF2099F3D9000BC714 /* DetailViewController.swift */,
				E5773BED2099C5CC000BC714 /* ContactTableViewCell.swift */,
			);
			path = "Contacts tab";
			sourceTree = "<group>";
		};
		E56AC8072A696C7A0081D533 /* Conversations tab */ = {
			isa = PBXGroup;
			children = (
				E565D9DB20AAD9640074597C /* ConversationsTableViewController.swift */,
				E565D9DD20AADAB00074597C /* ConversationsTableViewCell.swift */,
			);
			path = "Conversations tab";
			sourceTree = "<group>";
		};
		E56AC8082A696C910081D533 /* Rooms tab */ = {
			isa = PBXGroup;
			children = (
				E550289A248A8C0700A6B603 /* RoomsTableViewController.swift */,
				E550289C248A8D4600A6B603 /* RoomsTableViewCell.swift */,
				E550289E248AA53E00A6B603 /* EditRoomViewController.swift */,
				E5CCFE382BF668F900972C62 /* ConferenceViewController.swift */,
			);
			path = "Rooms tab";
			sourceTree = "<group>";
		};
		E56AC8092A696CD70081D533 /* Chat */ = {
			isa = PBXGroup;
			children = (
				E565D9E120AB3B670074597C /* ChatViewController.swift */,
				E565D9E320AB3BB10074597C /* PeerTableViewCell.swift */,
				E565D9E520AB3BDE0074597C /* MyUserTableViewCell.swift */,
			);
			path = Chat;
			sourceTree = "<group>";
		};
		E5D6117C25F77C9A0088E52B /* Frameworks */ = {
			isa = PBXGroup;
			children = (
				E5586E162BF4C78C00F60EE8 /* Rainbow.xcframework */,
				E5DCEB6527AA90390052CFF4 /* WebRTC.xcframework */,
			);
			name = Frameworks;
			sourceTree = "<group>";
		};
/* End PBXGroup section */

/* Begin PBXNativeTarget section */
		E54400EC2084E055008B90F2 /* RainbowiOSSDKSwift */ = {
			isa = PBXNativeTarget;
			buildConfigurationList = E54400FF2084E05A008B90F2 /* Build configuration list for PBXNativeTarget "RainbowiOSSDKSwift" */;
			buildPhases = (
				E54400E92084E055008B90F2 /* Sources */,
				E54400EA2084E055008B90F2 /* Frameworks */,
				E54400EB2084E055008B90F2 /* Resources */,
				E54401082084E15F008B90F2 /* Embed Frameworks */,
			);
			buildRules = (
			);
			dependencies = (
			);
			name = RainbowiOSSDKSwift;
			packageProductDependencies = (
				E595F3E32A126CFC004C5C2D /* Alamofire */,
				E595F3E62A12853C004C5C2D /* CryptoSwift */,
			);
			productName = RainbowiOSSDKSwift;
			productReference = E54400ED2084E055008B90F2 /* RainbowiOSSDKSwift.app */;
			productType = "com.apple.product-type.application";
		};
/* End PBXNativeTarget section */

/* Begin PBXProject section */
		E54400E52084E055008B90F2 /* Project object */ = {
			isa = PBXProject;
			attributes = {
				BuildIndependentTargetsInParallel = YES;
				LastSwiftUpdateCheck = 0930;
				LastUpgradeCheck = 1430;
				ORGANIZATIONNAME = ALE;
				TargetAttributes = {
					E54400EC2084E055008B90F2 = {
						CreatedOnToolsVersion = 9.3;
						LastSwiftMigration = "";
					};
				};
			};
			buildConfigurationList = E54400E82084E055008B90F2 /* Build configuration list for PBXProject "RainbowiOSSDKSwift" */;
			compatibilityVersion = "Xcode 9.3";
			developmentRegion = en;
			hasScannedForEncodings = 0;
			knownRegions = (
				en,
				Base,
			);
			mainGroup = E54400E42084E055008B90F2;
			packageReferences = (
				E595F3E22A126CFC004C5C2D /* XCRemoteSwiftPackageReference "Alamofire" */,
				E595F3E52A12853C004C5C2D /* XCRemoteSwiftPackageReference "CryptoSwift" */,
			);
			productRefGroup = E54400EE2084E055008B90F2 /* Products */;
			projectDirPath = "";
			projectRoot = "";
			targets = (
				E54400EC2084E055008B90F2 /* RainbowiOSSDKSwift */,
			);
		};
/* End PBXProject section */

/* Begin PBXResourcesBuildPhase section */
		E54400EB2084E055008B90F2 /* Resources */ = {
			isa = PBXResourcesBuildPhase;
			buildActionMask = 2147483647;
			files = (
				E54400FB2084E05A008B90F2 /* LaunchScreen.storyboard in Resources */,
				E54400F82084E05A008B90F2 /* Assets.xcassets in Resources */,
				E54400F62084E055008B90F2 /* Main.storyboard in Resources */,
			);
			runOnlyForDeploymentPostprocessing = 0;
		};
/* End PBXResourcesBuildPhase section */

/* Begin PBXSourcesBuildPhase section */
		E54400E92084E055008B90F2 /* Sources */ = {
			isa = PBXSourcesBuildPhase;
			buildActionMask = 2147483647;
			files = (
				E550289B248A8C0700A6B603 /* RoomsTableViewController.swift in Sources */,
				E565D9DE20AADAB00074597C /* ConversationsTableViewCell.swift in Sources */,
				E544010A2084F014008B90F2 /* MainViewController.swift in Sources */,
				E550289F248AA53F00A6B603 /* EditRoomViewController.swift in Sources */,
				E550289D248A8D4600A6B603 /* RoomsTableViewCell.swift in Sources */,
				E5773BEE2099C5CC000BC714 /* ContactTableViewCell.swift in Sources */,
				E54400F32084E055008B90F2 /* LoginViewController.swift in Sources */,
				E5773BF02099F3D9000BC714 /* DetailViewController.swift in Sources */,
				E565D9E620AB3BDE0074597C /* MyUserTableViewCell.swift in Sources */,
				E565D9DC20AAD9640074597C /* ConversationsTableViewController.swift in Sources */,
				E5773BEC2099C4EF000BC714 /* ContactsTableViewController.swift in Sources */,
				E565D9E420AB3BB10074597C /* PeerTableViewCell.swift in Sources */,
				E565D9E220AB3B670074597C /* ChatViewController.swift in Sources */,
				E54400F12084E055008B90F2 /* AppDelegate.swift in Sources */,
				E5CCFE392BF668F900972C62 /* ConferenceViewController.swift in Sources */,
			);
			runOnlyForDeploymentPostprocessing = 0;
		};
/* End PBXSourcesBuildPhase section */

/* Begin PBXVariantGroup section */
		E54400F42084E055008B90F2 /* Main.storyboard */ = {
			isa = PBXVariantGroup;
			children = (
				E54400F52084E055008B90F2 /* Base */,
			);
			name = Main.storyboard;
			sourceTree = "<group>";
		};
		E54400F92084E05A008B90F2 /* LaunchScreen.storyboard */ = {
			isa = PBXVariantGroup;
			children = (
				E54400FA2084E05A008B90F2 /* Base */,
			);
			name = LaunchScreen.storyboard;
			sourceTree = "<group>";
		};
/* End PBXVariantGroup section */

/* Begin XCBuildConfiguration section */
		E54400FD2084E05A008B90F2 /* Debug */ = {
			isa = XCBuildConfiguration;
			buildSettings = {
				ALWAYS_SEARCH_USER_PATHS = NO;
				CLANG_ANALYZER_NONNULL = YES;
				CLANG_ANALYZER_NUMBER_OBJECT_CONVERSION = YES_AGGRESSIVE;
				CLANG_CXX_LANGUAGE_STANDARD = "gnu++14";
				CLANG_CXX_LIBRARY = "libc++";
				CLANG_ENABLE_MODULES = YES;
				CLANG_ENABLE_OBJC_ARC = YES;
				CLANG_ENABLE_OBJC_WEAK = YES;
				CLANG_WARN_BLOCK_CAPTURE_AUTORELEASING = YES;
				CLANG_WARN_BOOL_CONVERSION = YES;
				CLANG_WARN_COMMA = YES;
				CLANG_WARN_CONSTANT_CONVERSION = YES;
				CLANG_WARN_DEPRECATED_OBJC_IMPLEMENTATIONS = YES;
				CLANG_WARN_DIRECT_OBJC_ISA_USAGE = YES_ERROR;
				CLANG_WARN_DOCUMENTATION_COMMENTS = YES;
				CLANG_WARN_EMPTY_BODY = YES;
				CLANG_WARN_ENUM_CONVERSION = YES;
				CLANG_WARN_INFINITE_RECURSION = YES;
				CLANG_WARN_INT_CONVERSION = YES;
				CLANG_WARN_NON_LITERAL_NULL_CONVERSION = YES;
				CLANG_WARN_OBJC_IMPLICIT_RETAIN_SELF = YES;
				CLANG_WARN_OBJC_LITERAL_CONVERSION = YES;
				CLANG_WARN_OBJC_ROOT_CLASS = YES_ERROR;
				CLANG_WARN_QUOTED_INCLUDE_IN_FRAMEWORK_HEADER = YES;
				CLANG_WARN_RANGE_LOOP_ANALYSIS = YES;
				CLANG_WARN_STRICT_PROTOTYPES = YES;
				CLANG_WARN_SUSPICIOUS_MOVE = YES;
				CLANG_WARN_UNGUARDED_AVAILABILITY = YES_AGGRESSIVE;
				CLANG_WARN_UNREACHABLE_CODE = YES;
				CLANG_WARN__DUPLICATE_METHOD_MATCH = YES;
				CODE_SIGN_IDENTITY = "iPhone Developer";
				COPY_PHASE_STRIP = NO;
				DEBUG_INFORMATION_FORMAT = dwarf;
				ENABLE_STRICT_OBJC_MSGSEND = YES;
				ENABLE_TESTABILITY = YES;
				GCC_C_LANGUAGE_STANDARD = gnu11;
				GCC_DYNAMIC_NO_PIC = NO;
				GCC_NO_COMMON_BLOCKS = YES;
				GCC_OPTIMIZATION_LEVEL = 0;
				GCC_PREPROCESSOR_DEFINITIONS = (
					"DEBUG=1",
					"$(inherited)",
				);
				GCC_WARN_64_TO_32_BIT_CONVERSION = YES;
				GCC_WARN_ABOUT_RETURN_TYPE = YES_ERROR;
				GCC_WARN_UNDECLARED_SELECTOR = YES;
				GCC_WARN_UNINITIALIZED_AUTOS = YES_AGGRESSIVE;
				GCC_WARN_UNUSED_FUNCTION = YES;
				GCC_WARN_UNUSED_VARIABLE = YES;
				IPHONEOS_DEPLOYMENT_TARGET = 15.0;
				MTL_ENABLE_DEBUG_INFO = YES;
				ONLY_ACTIVE_ARCH = YES;
				SDKROOT = iphoneos;
				SWIFT_ACTIVE_COMPILATION_CONDITIONS = DEBUG;
				SWIFT_OPTIMIZATION_LEVEL = "-Onone";
			};
			name = Debug;
		};
		E54400FE2084E05A008B90F2 /* Release */ = {
			isa = XCBuildConfiguration;
			buildSettings = {
				ALWAYS_SEARCH_USER_PATHS = NO;
				CLANG_ANALYZER_NONNULL = YES;
				CLANG_ANALYZER_NUMBER_OBJECT_CONVERSION = YES_AGGRESSIVE;
				CLANG_CXX_LANGUAGE_STANDARD = "gnu++14";
				CLANG_CXX_LIBRARY = "libc++";
				CLANG_ENABLE_MODULES = YES;
				CLANG_ENABLE_OBJC_ARC = YES;
				CLANG_ENABLE_OBJC_WEAK = YES;
				CLANG_WARN_BLOCK_CAPTURE_AUTORELEASING = YES;
				CLANG_WARN_BOOL_CONVERSION = YES;
				CLANG_WARN_COMMA = YES;
				CLANG_WARN_CONSTANT_CONVERSION = YES;
				CLANG_WARN_DEPRECATED_OBJC_IMPLEMENTATIONS = YES;
				CLANG_WARN_DIRECT_OBJC_ISA_USAGE = YES_ERROR;
				CLANG_WARN_DOCUMENTATION_COMMENTS = YES;
				CLANG_WARN_EMPTY_BODY = YES;
				CLANG_WARN_ENUM_CONVERSION = YES;
				CLANG_WARN_INFINITE_RECURSION = YES;
				CLANG_WARN_INT_CONVERSION = YES;
				CLANG_WARN_NON_LITERAL_NULL_CONVERSION = YES;
				CLANG_WARN_OBJC_IMPLICIT_RETAIN_SELF = YES;
				CLANG_WARN_OBJC_LITERAL_CONVERSION = YES;
				CLANG_WARN_OBJC_ROOT_CLASS = YES_ERROR;
				CLANG_WARN_QUOTED_INCLUDE_IN_FRAMEWORK_HEADER = YES;
				CLANG_WARN_RANGE_LOOP_ANALYSIS = YES;
				CLANG_WARN_STRICT_PROTOTYPES = YES;
				CLANG_WARN_SUSPICIOUS_MOVE = YES;
				CLANG_WARN_UNGUARDED_AVAILABILITY = YES_AGGRESSIVE;
				CLANG_WARN_UNREACHABLE_CODE = YES;
				CLANG_WARN__DUPLICATE_METHOD_MATCH = YES;
				CODE_SIGN_IDENTITY = "iPhone Developer";
				COPY_PHASE_STRIP = NO;
				DEBUG_INFORMATION_FORMAT = "dwarf-with-dsym";
				ENABLE_NS_ASSERTIONS = NO;
				ENABLE_STRICT_OBJC_MSGSEND = YES;
				GCC_C_LANGUAGE_STANDARD = gnu11;
				GCC_NO_COMMON_BLOCKS = YES;
				GCC_WARN_64_TO_32_BIT_CONVERSION = YES;
				GCC_WARN_ABOUT_RETURN_TYPE = YES_ERROR;
				GCC_WARN_UNDECLARED_SELECTOR = YES;
				GCC_WARN_UNINITIALIZED_AUTOS = YES_AGGRESSIVE;
				GCC_WARN_UNUSED_FUNCTION = YES;
				GCC_WARN_UNUSED_VARIABLE = YES;
				IPHONEOS_DEPLOYMENT_TARGET = 15.0;
				MTL_ENABLE_DEBUG_INFO = NO;
				SDKROOT = iphoneos;
				SWIFT_COMPILATION_MODE = wholemodule;
				SWIFT_OPTIMIZATION_LEVEL = "-O";
				VALIDATE_PRODUCT = YES;
			};
			name = Release;
		};
		E54401002084E05A008B90F2 /* Debug */ = {
			isa = XCBuildConfiguration;
			buildSettings = {
				ASSETCATALOG_COMPILER_APPICON_NAME = AppIcon;
				CODE_SIGN_STYLE = Automatic;
				DEVELOPMENT_TEAM = BT9E66P673;
				ENABLE_BITCODE = NO;
				FRAMEWORK_SEARCH_PATHS = (
					"$(inherited)",
					"$(PROJECT_DIR)/Frameworks",
					"$(PROJECT_DIR)/RainbowiOSSDKSwift/Carthage/Build/iOS",
				);
				INFOPLIST_FILE = RainbowiOSSDKSwift/Info.plist;
				LD_RUNPATH_SEARCH_PATHS = (
					"$(inherited)",
					"@executable_path/Frameworks",
				);
				PRODUCT_BUNDLE_IDENTIFIER = com.alcatellucent.otcl.RainbowiOSSDKSwift;
				PRODUCT_NAME = "$(TARGET_NAME)";
				SWIFT_VERSION = 5.0;
				TARGETED_DEVICE_FAMILY = "1,2";
			};
			name = Debug;
		};
		E54401012084E05A008B90F2 /* Release */ = {
			isa = XCBuildConfiguration;
			buildSettings = {
				ASSETCATALOG_COMPILER_APPICON_NAME = AppIcon;
				CODE_SIGN_STYLE = Automatic;
				DEVELOPMENT_TEAM = BT9E66P673;
				ENABLE_BITCODE = NO;
				FRAMEWORK_SEARCH_PATHS = (
					"$(inherited)",
					"$(PROJECT_DIR)/Frameworks",
					"$(PROJECT_DIR)/RainbowiOSSDKSwift/Carthage/Build/iOS",
				);
				INFOPLIST_FILE = RainbowiOSSDKSwift/Info.plist;
				LD_RUNPATH_SEARCH_PATHS = (
					"$(inherited)",
					"@executable_path/Frameworks",
				);
				PRODUCT_BUNDLE_IDENTIFIER = com.alcatellucent.otcl.RainbowiOSSDKSwift;
				PRODUCT_NAME = "$(TARGET_NAME)";
				SWIFT_VERSION = 5.0;
				TARGETED_DEVICE_FAMILY = "1,2";
			};
			name = Release;
		};
/* End XCBuildConfiguration section */

/* Begin XCConfigurationList section */
		E54400E82084E055008B90F2 /* Build configuration list for PBXProject "RainbowiOSSDKSwift" */ = {
			isa = XCConfigurationList;
			buildConfigurations = (
				E54400FD2084E05A008B90F2 /* Debug */,
				E54400FE2084E05A008B90F2 /* Release */,
			);
			defaultConfigurationIsVisible = 0;
			defaultConfigurationName = Release;
		};
		E54400FF2084E05A008B90F2 /* Build configuration list for PBXNativeTarget "RainbowiOSSDKSwift" */ = {
			isa = XCConfigurationList;
			buildConfigurations = (
				E54401002084E05A008B90F2 /* Debug */,
				E54401012084E05A008B90F2 /* Release */,
			);
			defaultConfigurationIsVisible = 0;
			defaultConfigurationName = Release;
		};
/* End XCConfigurationList section */

/* Begin XCRemoteSwiftPackageReference section */
		E595F3E22A126CFC004C5C2D /* XCRemoteSwiftPackageReference "Alamofire" */ = {
			isa = XCRemoteSwiftPackageReference;
			repositoryURL = "https://github.com/Alamofire/Alamofire.git";
			requirement = {
				kind = upToNextMajorVersion;
				minimumVersion = 5.0.0;
			};
		};
		E595F3E52A12853C004C5C2D /* XCRemoteSwiftPackageReference "CryptoSwift" */ = {
			isa = XCRemoteSwiftPackageReference;
			repositoryURL = "https://github.com/krzyzanowskim/CryptoSwift";
			requirement = {
				kind = upToNextMajorVersion;
				minimumVersion = 1.0.0;
			};
		};
/* End XCRemoteSwiftPackageReference section */

/* Begin XCSwiftPackageProductDependency section */
		E595F3E32A126CFC004C5C2D /* Alamofire */ = {
			isa = XCSwiftPackageProductDependency;
			package = E595F3E22A126CFC004C5C2D /* XCRemoteSwiftPackageReference "Alamofire" */;
			productName = Alamofire;
		};
		E595F3E62A12853C004C5C2D /* CryptoSwift */ = {
			isa = XCSwiftPackageProductDependency;
			package = E595F3E52A12853C004C5C2D /* XCRemoteSwiftPackageReference "CryptoSwift" */;
			productName = CryptoSwift;
		};
/* End XCSwiftPackageProductDependency section */
	};
	rootObject = E54400E52084E055008B90F2 /* Project object */;
}
